// !$*UTF8*$!
{
	archiveVersion = 1;
	classes = {
	};
	objectVersion = 50;
	objects = {

/* Begin PBXBuildFile section */
		3F5DD76F27284E4500DD2204 /* Three_Letter_Word_HackwichApp.swift in Sources */ = {isa = PBXBuildFile; fileRef = 3F5DD76E27284E4500DD2204 /* Three_Letter_Word_HackwichApp.swift */; };
		3F5DD77127284E4500DD2204 /* ContentView.swift in Sources */ = {isa = PBXBuildFile; fileRef = 3F5DD77027284E4500DD2204 /* ContentView.swift */; };
		3F5DD77327284E4C00DD2204 /* Assets.xcassets in Resources */ = {isa = PBXBuildFile; fileRef = 3F5DD77227284E4C00DD2204 /* Assets.xcassets */; };
		3F5DD77627284E4C00DD2204 /* Preview Assets.xcassets in Resources */ = {isa = PBXBuildFile; fileRef = 3F5DD77527284E4C00DD2204 /* Preview Assets.xcassets */; };
		3F5DD78127284E4C00DD2204 /* Three_Letter_Word_HackwichTests.swift in Sources */ = {isa = PBXBuildFile; fileRef = 3F5DD78027284E4C00DD2204 /* Three_Letter_Word_HackwichTests.swift */; };
		3F5DD78C27284E4C00DD2204 /* Three_Letter_Word_HackwichUITests.swift in Sources */ = {isa = PBXBuildFile; fileRef = 3F5DD78B27284E4C00DD2204 /* Three_Letter_Word_HackwichUITests.swift */; };
/* End PBXBuildFile section */

/* Begin PBXContainerItemProxy section */
		3F5DD77D27284E4C00DD2204 /* PBXContainerItemProxy */ = {
			isa = PBXContainerItemProxy;
			containerPortal = 3F5DD76327284E4500DD2204 /* Project object */;
			proxyType = 1;
			remoteGlobalIDString = 3F5DD76A27284E4500DD2204;
			remoteInfo = "Three Letter Word Hackwich";
		};
		3F5DD78827284E4C00DD2204 /* PBXContainerItemProxy */ = {
			isa = PBXContainerItemProxy;
			containerPortal = 3F5DD76327284E4500DD2204 /* Project object */;
			proxyType = 1;
			remoteGlobalIDString = 3F5DD76A27284E4500DD2204;
			remoteInfo = "Three Letter Word Hackwich";
		};
/* End PBXContainerItemProxy section */

/* Begin PBXFileReference section */
		3F5DD76B27284E4500DD2204 /* Three Letter Word Hackwich.app */ = {isa = PBXFileReference; explicitFileType = wrapper.application; includeInIndex = 0; path = "Three Letter Word Hackwich.app"; sourceTree = BUILT_PRODUCTS_DIR; };
		3F5DD76E27284E4500DD2204 /* Three_Letter_Word_HackwichApp.swift */ = {isa = PBXFileReference; lastKnownFileType = sourcecode.swift; path = Three_Letter_Word_HackwichApp.swift; sourceTree = "<group>"; };
		3F5DD77027284E4500DD2204 /* ContentView.swift */ = {isa = PBXFileReference; lastKnownFileType = sourcecode.swift; path = ContentView.swift; sourceTree = "<group>"; };
		3F5DD77227284E4C00DD2204 /* Assets.xcassets */ = {isa = PBXFileReference; lastKnownFileType = folder.assetcatalog; path = Assets.xcassets; sourceTree = "<group>"; };
		3F5DD77527284E4C00DD2204 /* Preview Assets.xcassets */ = {isa = PBXFileReference; lastKnownFileType = folder.assetcatalog; path = "Preview Assets.xcassets"; sourceTree = "<group>"; };
		3F5DD77727284E4C00DD2204 /* Info.plist */ = {isa = PBXFileReference; lastKnownFileType = text.plist.xml; path = Info.plist; sourceTree = "<group>"; };
		3F5DD77C27284E4C00DD2204 /* Three Letter Word HackwichTests.xctest */ = {isa = PBXFileReference; explicitFileType = wrapper.cfbundle; includeInIndex = 0; path = "Three Letter Word HackwichTests.xctest"; sourceTree = BUILT_PRODUCTS_DIR; };
		3F5DD78027284E4C00DD2204 /* Three_Letter_Word_HackwichTests.swift */ = {isa = PBXFileReference; lastKnownFileType = sourcecode.swift; path = Three_Letter_Word_HackwichTests.swift; sourceTree = "<group>"; };
		3F5DD78227284E4C00DD2204 /* Info.plist */ = {isa = PBXFileReference; lastKnownFileType = text.plist.xml; path = Info.plist; sourceTree = "<group>"; };
		3F5DD78727284E4C00DD2204 /* Three Letter Word HackwichUITests.xctest */ = {isa = PBXFileReference; explicitFileType = wrapper.cfbundle; includeInIndex = 0; path = "Three Letter Word HackwichUITests.xctest"; sourceTree = BUILT_PRODUCTS_DIR; };
		3F5DD78B27284E4C00DD2204 /* Three_Letter_Word_HackwichUITests.swift */ = {isa = PBXFileReference; lastKnownFileType = sourcecode.swift; path = Three_Letter_Word_HackwichUITests.swift; sourceTree = "<group>"; };
		3F5DD78D27284E4C00DD2204 /* Info.plist */ = {isa = PBXFileReference; lastKnownFileType = text.plist.xml; path = Info.plist; sourceTree = "<group>"; };
/* End PBXFileReference section */

/* Begin PBXFrameworksBuildPhase section */
		3F5DD76827284E4500DD2204 /* Frameworks */ = {
			isa = PBXFrameworksBuildPhase;
			buildActionMask = 2147483647;
			files = (
			);
			runOnlyForDeploymentPostprocessing = 0;
		};
		3F5DD77927284E4C00DD2204 /* Frameworks */ = {
			isa = PBXFrameworksBuildPhase;
			buildActionMask = 2147483647;
			files = (
			);
			runOnlyForDeploymentPostprocessing = 0;
		};
		3F5DD78427284E4C00DD2204 /* Frameworks */ = {
			isa = PBXFrameworksBuildPhase;
			buildActionMask = 2147483647;
			files = (
			);
			runOnlyForDeploymentPostprocessing = 0;
		};
/* End PBXFrameworksBuildPhase section */

/* Begin PBXGroup section */
		3F5DD76227284E4500DD2204 = {
			isa = PBXGroup;
			children = (
				3F5DD76D27284E4500DD2204 /* Three Letter Word Hackwich */,
				3F5DD77F27284E4C00DD2204 /* Three Letter Word HackwichTests */,
				3F5DD78A27284E4C00DD2204 /* Three Letter Word HackwichUITests */,
				3F5DD76C27284E4500DD2204 /* Products */,
			);
			sourceTree = "<group>";
		};
		3F5DD76C27284E4500DD2204 /* Products */ = {
			isa = PBXGroup;
			children = (
				3F5DD76B27284E4500DD2204 /* Three Letter Word Hackwich.app */,
				3F5DD77C27284E4C00DD2204 /* Three Letter Word HackwichTests.xctest */,
				3F5DD78727284E4C00DD2204 /* Three Letter Word HackwichUITests.xctest */,
			);
			name = Products;
			sourceTree = "<group>";
		};
		3F5DD76D27284E4500DD2204 /* Three Letter Word Hackwich */ = {
			isa = PBXGroup;
			children = (
				3F5DD76E27284E4500DD2204 /* Three_Letter_Word_HackwichApp.swift */,
				3F5DD77027284E4500DD2204 /* ContentView.swift */,
				3F5DD77227284E4C00DD2204 /* Assets.xcassets */,
				3F5DD77727284E4C00DD2204 /* Info.plist */,
				3F5DD77427284E4C00DD2204 /* Preview Content */,
			);
			path = "Three Letter Word Hackwich";
			sourceTree = "<group>";
		};
		3F5DD77427284E4C00DD2204 /* Preview Content */ = {
			isa = PBXGroup;
			children = (
				3F5DD77527284E4C00DD2204 /* Preview Assets.xcassets */,
			);
			path = "Preview Content";
			sourceTree = "<group>";
		};
		3F5DD77F27284E4C00DD2204 /* Three Letter Word HackwichTests */ = {
			isa = PBXGroup;
			children = (
				3F5DD78027284E4C00DD2204 /* Three_Letter_Word_HackwichTests.swift */,
				3F5DD78227284E4C00DD2204 /* Info.plist */,
			);
			path = "Three Letter Word HackwichTests";
			sourceTree = "<group>";
		};
		3F5DD78A27284E4C00DD2204 /* Three Letter Word HackwichUITests */ = {
			isa = PBXGroup;
			children = (
				3F5DD78B27284E4C00DD2204 /* Three_Letter_Word_HackwichUITests.swift */,
				3F5DD78D27284E4C00DD2204 /* Info.plist */,
			);
			path = "Three Letter Word HackwichUITests";
			sourceTree = "<group>";
		};
/* End PBXGroup section */

/* Begin PBXNativeTarget section */
		3F5DD76A27284E4500DD2204 /* Three Letter Word Hackwich */ = {
			isa = PBXNativeTarget;
			buildConfigurationList = 3F5DD79027284E4C00DD2204 /* Build configuration list for PBXNativeTarget "Three Letter Word Hackwich" */;
			buildPhases = (
				3F5DD76727284E4500DD2204 /* Sources */,
				3F5DD76827284E4500DD2204 /* Frameworks */,
				3F5DD76927284E4500DD2204 /* Resources */,
			);
			buildRules = (
			);
			dependencies = (
			);
			name = "Three Letter Word Hackwich";
			productName = "Three Letter Word Hackwich";
			productReference = 3F5DD76B27284E4500DD2204 /* Three Letter Word Hackwich.app */;
			productType = "com.apple.product-type.application";
		};
		3F5DD77B27284E4C00DD2204 /* Three Letter Word HackwichTests */ = {
			isa = PBXNativeTarget;
			buildConfigurationList = 3F5DD79327284E4C00DD2204 /* Build configuration list for PBXNativeTarget "Three Letter Word HackwichTests" */;
			buildPhases = (
				3F5DD77827284E4C00DD2204 /* Sources */,
				3F5DD77927284E4C00DD2204 /* Frameworks */,
				3F5DD77A27284E4C00DD2204 /* Resources */,
			);
			buildRules = (
			);
			dependencies = (
				3F5DD77E27284E4C00DD2204 /* PBXTargetDependency */,
			);
			name = "Three Letter Word HackwichTests";
			productName = "Three Letter Word HackwichTests";
			productReference = 3F5DD77C27284E4C00DD2204 /* Three Letter Word HackwichTests.xctest */;
			productType = "com.apple.product-type.bundle.unit-test";
		};
		3F5DD78627284E4C00DD2204 /* Three Letter Word HackwichUITests */ = {
			isa = PBXNativeTarget;
			buildConfigurationList = 3F5DD79627284E4C00DD2204 /* Build configuration list for PBXNativeTarget "Three Letter Word HackwichUITests" */;
			buildPhases = (
				3F5DD78327284E4C00DD2204 /* Sources */,
				3F5DD78427284E4C00DD2204 /* Frameworks */,
				3F5DD78527284E4C00DD2204 /* Resources */,
			);
			buildRules = (
			);
			dependencies = (
				3F5DD78927284E4C00DD2204 /* PBXTargetDependency */,
			);
			name = "Three Letter Word HackwichUITests";
			productName = "Three Letter Word HackwichUITests";
			productReference = 3F5DD78727284E4C00DD2204 /* Three Letter Word HackwichUITests.xctest */;
			productType = "com.apple.product-type.bundle.ui-testing";
		};
/* End PBXNativeTarget section */

/* Begin PBXProject section */
		3F5DD76327284E4500DD2204 /* Project object */ = {
			isa = PBXProject;
			attributes = {
				LastSwiftUpdateCheck = 1250;
				LastUpgradeCheck = 1250;
				TargetAttributes = {
					3F5DD76A27284E4500DD2204 = {
						CreatedOnToolsVersion = 12.5.1;
					};
					3F5DD77B27284E4C00DD2204 = {
						CreatedOnToolsVersion = 12.5.1;
						TestTargetID = 3F5DD76A27284E4500DD2204;
					};
					3F5DD78627284E4C00DD2204 = {
						CreatedOnToolsVersion = 12.5.1;
						TestTargetID = 3F5DD76A27284E4500DD2204;
					};
				};
			};
			buildConfigurationList = 3F5DD76627284E4500DD2204 /* Build configuration list for PBXProject "Three Letter Word Hackwich" */;
			compatibilityVersion = "Xcode 9.3";
			developmentRegion = en;
			hasScannedForEncodings = 0;
			knownRegions = (
				en,
				Base,
			);
			mainGroup = 3F5DD76227284E4500DD2204;
			productRefGroup = 3F5DD76C27284E4500DD2204 /* Products */;
			projectDirPath = "";
			projectRoot = "";
			targets = (
				3F5DD76A27284E4500DD2204 /* Three Letter Word Hackwich */,
				3F5DD77B27284E4C00DD2204 /* Three Letter Word HackwichTests */,
				3F5DD78627284E4C00DD2204 /* Three Letter Word HackwichUITests */,
			);
		};
/* End PBXProject section */

/* Begin PBXResourcesBuildPhase section */
		3F5DD76927284E4500DD2204 /* Resources */ = {
			isa = PBXResourcesBuildPhase;
			buildActionMask = 2147483647;
			files = (
				3F5DD77627284E4C00DD2204 /* Preview Assets.xcassets in Resources */,
				3F5DD77327284E4C00DD2204 /* Assets.xcassets in Resources */,
			);
			runOnlyForDeploymentPostprocessing = 0;
		};
		3F5DD77A27284E4C00DD2204 /* Resources */ = {
			isa = PBXResourcesBuildPhase;
			buildActionMask = 2147483647;
			files = (
			);
			runOnlyForDeploymentPostprocessing = 0;
		};
		3F5DD78527284E4C00DD2204 /* Resources */ = {
			isa = PBXResourcesBuildPhase;
			buildActionMask = 2147483647;
			files = (
			);
			runOnlyForDeploymentPostprocessing = 0;
		};
/* End PBXResourcesBuildPhase section */

/* Begin PBXSourcesBuildPhase section */
		3F5DD76727284E4500DD2204 /* Sources */ = {
			isa = PBXSourcesBuildPhase;
			buildActionMask = 2147483647;
			files = (
				3F5DD77127284E4500DD2204 /* ContentView.swift in Sources */,
				3F5DD76F27284E4500DD2204 /* Three_Letter_Word_HackwichApp.swift in Sources */,
			);
			runOnlyForDeploymentPostprocessing = 0;
		};
		3F5DD77827284E4C00DD2204 /* Sources */ = {
			isa = PBXSourcesBuildPhase;
			buildActionMask = 2147483647;
			files = (
				3F5DD78127284E4C00DD2204 /* Three_Letter_Word_HackwichTests.swift in Sources */,
			);
			runOnlyForDeploymentPostprocessing = 0;
		};
		3F5DD78327284E4C00DD2204 /* Sources */ = {
			isa = PBXSourcesBuildPhase;
			buildActionMask = 2147483647;
			files = (
				3F5DD78C27284E4C00DD2204 /* Three_Letter_Word_HackwichUITests.swift in Sources */,
			);
			runOnlyForDeploymentPostprocessing = 0;
		};
/* End PBXSourcesBuildPhase section */

/* Begin PBXTargetDependency section */
		3F5DD77E27284E4C00DD2204 /* PBXTargetDependency */ = {
			isa = PBXTargetDependency;
			target = 3F5DD76A27284E4500DD2204 /* Three Letter Word Hackwich */;
			targetProxy = 3F5DD77D27284E4C00DD2204 /* PBXContainerItemProxy */;
		};
		3F5DD78927284E4C00DD2204 /* PBXTargetDependency */ = {
			isa = PBXTargetDependency;
			target = 3F5DD76A27284E4500DD2204 /* Three Letter Word Hackwich */;
			targetProxy = 3F5DD78827284E4C00DD2204 /* PBXContainerItemProxy */;
		};
/* End PBXTargetDependency section */

/* Begin XCBuildConfiguration section */
		3F5DD78E27284E4C00DD2204 /* Debug */ = {
			isa = XCBuildConfiguration;
			buildSettings = {
				ALWAYS_SEARCH_USER_PATHS = NO;
				CLANG_ANALYZER_NONNULL = YES;
				CLANG_ANALYZER_NUMBER_OBJECT_CONVERSION = YES_AGGRESSIVE;
				CLANG_CXX_LANGUAGE_STANDARD = "gnu++14";
				CLANG_CXX_LIBRARY = "libc++";
				CLANG_ENABLE_MODULES = YES;
				CLANG_ENABLE_OBJC_ARC = YES;
				CLANG_ENABLE_OBJC_WEAK = YES;
				CLANG_WARN_BLOCK_CAPTURE_AUTORELEASING = YES;
				CLANG_WARN_BOOL_CONVERSION = YES;
				CLANG_WARN_COMMA = YES;
				CLANG_WARN_CONSTANT_CONVERSION = YES;
				CLANG_WARN_DEPRECATED_OBJC_IMPLEMENTATIONS = YES;
				CLANG_WARN_DIRECT_OBJC_ISA_USAGE = YES_ERROR;
				CLANG_WARN_DOCUMENTATION_COMMENTS = YES;
				CLANG_WARN_EMPTY_BODY = YES;
				CLANG_WARN_ENUM_CONVERSION = YES;
				CLANG_WARN_INFINITE_RECURSION = YES;
				CLANG_WARN_INT_CONVERSION = YES;
				CLANG_WARN_NON_LITERAL_NULL_CONVERSION = YES;
				CLANG_WARN_OBJC_IMPLICIT_RETAIN_SELF = YES;
				CLANG_WARN_OBJC_LITERAL_CONVERSION = YES;
				CLANG_WARN_OBJC_ROOT_CLASS = YES_ERROR;
				CLANG_WARN_QUOTED_INCLUDE_IN_FRAMEWORK_HEADER = YES;
				CLANG_WARN_RANGE_LOOP_ANALYSIS = YES;
				CLANG_WARN_STRICT_PROTOTYPES = YES;
				CLANG_WARN_SUSPICIOUS_MOVE = YES;
				CLANG_WARN_UNGUARDED_AVAILABILITY = YES_AGGRESSIVE;
				CLANG_WARN_UNREACHABLE_CODE = YES;
				CLANG_WARN__DUPLICATE_METHOD_MATCH = YES;
				COPY_PHASE_STRIP = NO;
				DEBUG_INFORMATION_FORMAT = dwarf;
				ENABLE_STRICT_OBJC_MSGSEND = YES;
				ENABLE_TESTABILITY = YES;
				GCC_C_LANGUAGE_STANDARD = gnu11;
				GCC_DYNAMIC_NO_PIC = NO;
				GCC_NO_COMMON_BLOCKS = YES;
				GCC_OPTIMIZATION_LEVEL = 0;
				GCC_PREPROCESSOR_DEFINITIONS = (
					"DEBUG=1",
					"$(inherited)",
				);
				GCC_WARN_64_TO_32_BIT_CONVERSION = YES;
				GCC_WARN_ABOUT_RETURN_TYPE = YES_ERROR;
				GCC_WARN_UNDECLARED_SELECTOR = YES;
				GCC_WARN_UNINITIALIZED_AUTOS = YES_AGGRESSIVE;
				GCC_WARN_UNUSED_FUNCTION = YES;
				GCC_WARN_UNUSED_VARIABLE = YES;
				IPHONEOS_DEPLOYMENT_TARGET = 14.5;
				MTL_ENABLE_DEBUG_INFO = INCLUDE_SOURCE;
				MTL_FAST_MATH = YES;
				ONLY_ACTIVE_ARCH = YES;
				SDKROOT = iphoneos;
				SWIFT_ACTIVE_COMPILATION_CONDITIONS = DEBUG;
				SWIFT_OPTIMIZATION_LEVEL = "-Onone";
			};
			name = Debug;
		};
		3F5DD78F27284E4C00DD2204 /* Release */ = {
			isa = XCBuildConfiguration;
			buildSettings = {
				ALWAYS_SEARCH_USER_PATHS = NO;
				CLANG_ANALYZER_NONNULL = YES;
				CLANG_ANALYZER_NUMBER_OBJECT_CONVERSION = YES_AGGRESSIVE;
				CLANG_CXX_LANGUAGE_STANDARD = "gnu++14";
				CLANG_CXX_LIBRARY = "libc++";
				CLANG_ENABLE_MODULES = YES;
				CLANG_ENABLE_OBJC_ARC = YES;
				CLANG_ENABLE_OBJC_WEAK = YES;
				CLANG_WARN_BLOCK_CAPTURE_AUTORELEASING = YES;
				CLANG_WARN_BOOL_CONVERSION = YES;
				CLANG_WARN_COMMA = YES;
				CLANG_WARN_CONSTANT_CONVERSION = YES;
				CLANG_WARN_DEPRECATED_OBJC_IMPLEMENTATIONS = YES;
				CLANG_WARN_DIRECT_OBJC_ISA_USAGE = YES_ERROR;
				CLANG_WARN_DOCUMENTATION_COMMENTS = YES;
				CLANG_WARN_EMPTY_BODY = YES;
				CLANG_WARN_ENUM_CONVERSION = YES;
				CLANG_WARN_INFINITE_RECURSION = YES;
				CLANG_WARN_INT_CONVERSION = YES;
				CLANG_WARN_NON_LITERAL_NULL_CONVERSION = YES;
				CLANG_WARN_OBJC_IMPLICIT_RETAIN_SELF = YES;
				CLANG_WARN_OBJC_LITERAL_CONVERSION = YES;
				CLANG_WARN_OBJC_ROOT_CLASS = YES_ERROR;
				CLANG_WARN_QUOTED_INCLUDE_IN_FRAMEWORK_HEADER = YES;
				CLANG_WARN_RANGE_LOOP_ANALYSIS = YES;
				CLANG_WARN_STRICT_PROTOTYPES = YES;
				CLANG_WARN_SUSPICIOUS_MOVE = YES;
				CLANG_WARN_UNGUARDED_AVAILABILITY = YES_AGGRESSIVE;
				CLANG_WARN_UNREACHABLE_CODE = YES;
				CLANG_WARN__DUPLICATE_METHOD_MATCH = YES;
				COPY_PHASE_STRIP = NO;
				DEBUG_INFORMATION_FORMAT = "dwarf-with-dsym";
				ENABLE_NS_ASSERTIONS = NO;
				ENABLE_STRICT_OBJC_MSGSEND = YES;
				GCC_C_LANGUAGE_STANDARD = gnu11;
				GCC_NO_COMMON_BLOCKS = YES;
				GCC_WARN_64_TO_32_BIT_CONVERSION = YES;
				GCC_WARN_ABOUT_RETURN_TYPE = YES_ERROR;
				GCC_WARN_UNDECLARED_SELECTOR = YES;
				GCC_WARN_UNINITIALIZED_AUTOS = YES_AGGRESSIVE;
				GCC_WARN_UNUSED_FUNCTION = YES;
				GCC_WARN_UNUSED_VARIABLE = YES;
				IPHONEOS_DEPLOYMENT_TARGET = 14.5;
				MTL_ENABLE_DEBUG_INFO = NO;
				MTL_FAST_MATH = YES;
				SDKROOT = iphoneos;
				SWIFT_COMPILATION_MODE = wholemodule;
				SWIFT_OPTIMIZATION_LEVEL = "-O";
				VALIDATE_PRODUCT = YES;
			};
			name = Release;
		};
		3F5DD79127284E4C00DD2204 /* Debug */ = {
			isa = XCBuildConfiguration;
			buildSettings = {
				ASSETCATALOG_COMPILER_APPICON_NAME = AppIcon;
				ASSETCATALOG_COMPILER_GLOBAL_ACCENT_COLOR_NAME = AccentColor;
				CODE_SIGN_STYLE = Automatic;
				DEVELOPMENT_ASSET_PATHS = "\"Three Letter Word Hackwich/Preview Content\"";
				DEVELOPMENT_TEAM = 9LL7RNMU6U;
				ENABLE_PREVIEWS = YES;
				INFOPLIST_FILE = "Three Letter Word Hackwich/Info.plist";
				IPHONEOS_DEPLOYMENT_TARGET = 14.0;
				LD_RUNPATH_SEARCH_PATHS = (
					"$(inherited)",
					"@executable_path/Frameworks",
				);
				PRODUCT_BUNDLE_IDENTIFIER = "cool-apps.Three-Letter-Word-Hackwich";
				PRODUCT_NAME = "$(TARGET_NAME)";
				SWIFT_VERSION = 5.0;
				TARGETED_DEVICE_FAMILY = "1,2";
			};
			name = Debug;
		};
		3F5DD79227284E4C00DD2204 /* Release */ = {
			isa = XCBuildConfiguration;
			buildSettings = {
				ASSETCATALOG_COMPILER_APPICON_NAME = AppIcon;
				ASSETCATALOG_COMPILER_GLOBAL_ACCENT_COLOR_NAME = AccentColor;
				CODE_SIGN_STYLE = Automatic;
				DEVELOPMENT_ASSET_PATHS = "\"Three Letter Word Hackwich/Preview Content\"";
				DEVELOPMENT_TEAM = 9LL7RNMU6U;
				ENABLE_PREVIEWS = YES;
				INFOPLIST_FILE = "Three Letter Word Hackwich/Info.plist";
				IPHONEOS_DEPLOYMENT_TARGET = 14.0;
				LD_RUNPATH_SEARCH_PATHS = (
					"$(inherited)",
					"@executable_path/Frameworks",
				);
				PRODUCT_BUNDLE_IDENTIFIER = "cool-apps.Three-Letter-Word-Hackwich";
				PRODUCT_NAME = "$(TARGET_NAME)";
				SWIFT_VERSION = 5.0;
				TARGETED_DEVICE_FAMILY = "1,2";
			};
			name = Release;
		};
		3F5DD79427284E4C00DD2204 /* Debug */ = {
			isa = XCBuildConfiguration;
			buildSettings = {
				ALWAYS_EMBED_SWIFT_STANDARD_LIBRARIES = YES;
				BUNDLE_LOADER = "$(TEST_HOST)";
				CODE_SIGN_STYLE = Automatic;
				DEVELOPMENT_TEAM = 9LL7RNMU6U;
				INFOPLIST_FILE = "Three Letter Word HackwichTests/Info.plist";
				IPHONEOS_DEPLOYMENT_TARGET = 14.0;
				LD_RUNPATH_SEARCH_PATHS = (
					"$(inherited)",
					"@executable_path/Frameworks",
					"@loader_path/Frameworks",
				);
				PRODUCT_BUNDLE_IDENTIFIER = "cool-apps.Three-Letter-Word-HackwichTests";
				PRODUCT_NAME = "$(TARGET_NAME)";
				SWIFT_VERSION = 5.0;
				TARGETED_DEVICE_FAMILY = "1,2";
				TEST_HOST = "$(BUILT_PRODUCTS_DIR)/Three Letter Word Hackwich.app/Three Letter Word Hackwich";
			};
			name = Debug;
		};
		3F5DD79527284E4C00DD2204 /* Release */ = {
			isa = XCBuildConfiguration;
			buildSettings = {
				ALWAYS_EMBED_SWIFT_STANDARD_LIBRARIES = YES;
				BUNDLE_LOADER = "$(TEST_HOST)";
				CODE_SIGN_STYLE = Automatic;
				DEVELOPMENT_TEAM = 9LL7RNMU6U;
				INFOPLIST_FILE = "Three Letter Word HackwichTests/Info.plist";
				IPHONEOS_DEPLOYMENT_TARGET = 14.0;
				LD_RUNPATH_SEARCH_PATHS = (
					"$(inherited)",
					"@executable_path/Frameworks",
					"@loader_path/Frameworks",
				);
				PRODUCT_BUNDLE_IDENTIFIER = "cool-apps.Three-Letter-Word-HackwichTests";
				PRODUCT_NAME = "$(TARGET_NAME)";
				SWIFT_VERSION = 5.0;
				TARGETED_DEVICE_FAMILY = "1,2";
				TEST_HOST = "$(BUILT_PRODUCTS_DIR)/Three Letter Word Hackwich.app/Three Letter Word Hackwich";
			};
			name = Release;
		};
		3F5DD79727284E4C00DD2204 /* Debug */ = {
			isa = XCBuildConfiguration;
			buildSettings = {
				ALWAYS_EMBED_SWIFT_STANDARD_LIBRARIES = YES;
				CODE_SIGN_STYLE = Automatic;
				DEVELOPMENT_TEAM = 9LL7RNMU6U;
				INFOPLIST_FILE = "Three Letter Word HackwichUITests/Info.plist";
				LD_RUNPATH_SEARCH_PATHS = (
					"$(inherited)",
					"@executable_path/Frameworks",
					"@loader_path/Frameworks",
				);
				PRODUCT_BUNDLE_IDENTIFIER = "cool-apps.Three-Letter-Word-HackwichUITests";
				PRODUCT_NAME = "$(TARGET_NAME)";
				SWIFT_VERSION = 5.0;
				TARGETED_DEVICE_FAMILY = "1,2";
				TEST_TARGET_NAME = "Three Letter Word Hackwich";
			};
			name = Debug;
		};
		3F5DD79827284E4C00DD2204 /* Release */ = {
			isa = XCBuildConfiguration;
			buildSettings = {
				ALWAYS_EMBED_SWIFT_STANDARD_LIBRARIES = YES;
				CODE_SIGN_STYLE = Automatic;
				DEVELOPMENT_TEAM = 9LL7RNMU6U;
				INFOPLIST_FILE = "Three Letter Word HackwichUITests/Info.plist";
				LD_RUNPATH_SEARCH_PATHS = (
					"$(inherited)",
					"@executable_path/Frameworks",
					"@loader_path/Frameworks",
				);
				PRODUCT_BUNDLE_IDENTIFIER = "cool-apps.Three-Letter-Word-HackwichUITests";
				PRODUCT_NAME = "$(TARGET_NAME)";
				SWIFT_VERSION = 5.0;
				TARGETED_DEVICE_FAMILY = "1,2";
				TEST_TARGET_NAME = "Three Letter Word Hackwich";
			};
			name = Release;
		};
/* End XCBuildConfiguration section */

/* Begin XCConfigurationList section */
		3F5DD76627284E4500DD2204 /* Build configuration list for PBXProject "Three Letter Word Hackwich" */ = {
			isa = XCConfigurationList;
			buildConfigurations = (
				3F5DD78E27284E4C00DD2204 /* Debug */,
				3F5DD78F27284E4C00DD2204 /* Release */,
			);
			defaultConfigurationIsVisible = 0;
			defaultConfigurationName = Release;
		};
		3F5DD79027284E4C00DD2204 /* Build configuration list for PBXNativeTarget "Three Letter Word Hackwich" */ = {
			isa = XCConfigurationList;
			buildConfigurations = (
				3F5DD79127284E4C00DD2204 /* Debug */,
				3F5DD79227284E4C00DD2204 /* Release */,
			);
			defaultConfigurationIsVisible = 0;
			defaultConfigurationName = Release;
		};
		3F5DD79327284E4C00DD2204 /* Build configuration list for PBXNativeTarget "Three Letter Word HackwichTests" */ = {
			isa = XCConfigurationList;
			buildConfigurations = (
				3F5DD79427284E4C00DD2204 /* Debug */,
				3F5DD79527284E4C00DD2204 /* Release */,
			);
			defaultConfigurationIsVisible = 0;
			defaultConfigurationName = Release;
		};
		3F5DD79627284E4C00DD2204 /* Build configuration list for PBXNativeTarget "Three Letter Word HackwichUITests" */ = {
			isa = XCConfigurationList;
			buildConfigurations = (
				3F5DD79727284E4C00DD2204 /* Debug */,
				3F5DD79827284E4C00DD2204 /* Release */,
			);
			defaultConfigurationIsVisible = 0;
			defaultConfigurationName = Release;
		};
/* End XCConfigurationList section */
	};
	rootObject = 3F5DD76327284E4500DD2204 /* Project object */;
}
